
Microsoft Visual Studio Solution File, Format Version 12.00
# Visual Studio 15
VisualStudioVersion = 15.0.26430.6
MinimumVisualStudioVersion = 10.0.40219.1
Project("{FAE04EC0-301F-11D3-BF4B-00C04F79EFBC}") = "ProductivityShell", "ProductivityShell\ProductivityShell.csproj", "{ABE46401-E9E9-4FE6-B1D2-A29C9D6EBA55}"
EndProject
Project("{2150E333-8FDC-42A3-9474-1A3956D46DE8}") = "Solution Items", "Solution Items", "{9155CB67-8B7B-417F-A36F-C1371893FCBF}"
	ProjectSection(SolutionItems) = preProject
		..\.gitignore = ..\.gitignore
		..\LICENSE = ..\LICENSE
		..\README.md = ..\README.md
	EndProjectSection
EndProject
Project("{FAE04EC0-301F-11D3-BF4B-00C04F79EFBC}") = "ProductivityShell.Core", "ProductivityShell.Core\ProductivityShell.Core.csproj", "{B243850F-DE47-4233-8826-0D3D1B8765ED}"
EndProject
Project("{FAE04EC0-301F-11D3-BF4B-00C04F79EFBC}") = "ProductivityShell.Refactor", "ProductivityShell.Refactor\ProductivityShell.Refactor.csproj", "{E3996DA7-B966-40A4-88E9-5A491AEB7A80}"
EndProject
Global
	GlobalSection(SolutionConfigurationPlatforms) = preSolution
		Debug|Any CPU = Debug|Any CPU
		Release|Any CPU = Release|Any CPU
	EndGlobalSection
	GlobalSection(ProjectConfigurationPlatforms) = postSolution
		{ABE46401-E9E9-4FE6-B1D2-A29C9D6EBA55}.Debug|Any CPU.ActiveCfg = Debug|Any CPU
		{ABE46401-E9E9-4FE6-B1D2-A29C9D6EBA55}.Debug|Any CPU.Build.0 = Debug|Any CPU
		{ABE46401-E9E9-4FE6-B1D2-A29C9D6EBA55}.Release|Any CPU.ActiveCfg = Release|Any CPU
		{ABE46401-E9E9-4FE6-B1D2-A29C9D6EBA55}.Release|Any CPU.Build.0 = Release|Any CPU
		{B243850F-DE47-4233-8826-0D3D1B8765ED}.Debug|Any CPU.ActiveCfg = Debug|Any CPU
		{B243850F-DE47-4233-8826-0D3D1B8765ED}.Debug|Any CPU.Build.0 = Debug|Any CPU
		{B243850F-DE47-4233-8826-0D3D1B8765ED}.Release|Any CPU.ActiveCfg = Release|Any CPU
		{B243850F-DE47-4233-8826-0D3D1B8765ED}.Release|Any CPU.Build.0 = Release|Any CPU
		{E3996DA7-B966-40A4-88E9-5A491AEB7A80}.Debug|Any CPU.ActiveCfg = Debug|Any CPU
		{E3996DA7-B966-40A4-88E9-5A491AEB7A80}.Debug|Any CPU.Build.0 = Debug|Any CPU
		{E3996DA7-B966-40A4-88E9-5A491AEB7A80}.Release|Any CPU.ActiveCfg = Release|Any CPU
		{E3996DA7-B966-40A4-88E9-5A491AEB7A80}.Release|Any CPU.Build.0 = Release|Any CPU
	EndGlobalSection
	GlobalSection(SolutionProperties) = preSolution
		HideSolutionNode = FALSE
	EndGlobalSection
	GlobalSection(ExtensibilityGlobals) = postSolution
		SolutionGuid = {71EC29EF-F376-40C1-83A2-34A64A5194DC}
	EndGlobalSection
EndGlobal
